PODS:
  - DZNEmptyDataSet (1.8.1)
  - Ensembles (1.7.1):
    - Ensembles/Core (= 1.7.1)
  - Ensembles/Core (1.7.1)
  - Eureka (4.0.1)
  - Firebase/AdMob (4.8.0):
    - Firebase/Core
    - Google-Mobile-Ads-SDK (= 7.27.0)
  - Firebase/Core (4.8.0):
    - FirebaseAnalytics (= 4.0.5)
    - FirebaseCore (= 4.0.13)
  - FirebaseAnalytics (4.0.5):
    - FirebaseCore (~> 4.0)
    - FirebaseInstanceID (~> 2.0)
    - GoogleToolboxForMac/NSData+zlib (~> 2.1)
    - nanopb (~> 0.3)
  - FirebaseCore (4.0.13):
    - GoogleToolboxForMac/NSData+zlib (~> 2.1)
  - FirebaseInstanceID (2.0.8):
    - FirebaseCore (~> 4.0)
  - Google-Mobile-Ads-SDK (7.27.0)
  - GoogleToolboxForMac/Defines (2.1.3)
  - GoogleToolboxForMac/NSData+zlib (2.1.3):
    - GoogleToolboxForMac/Defines (= 2.1.3)
  - MarqueeLabel/Swift (3.1.4)
  - nanopb (0.3.8):
    - nanopb/decode (= 0.3.8)
    - nanopb/encode (= 0.3.8)
  - nanopb/decode (0.3.8)
  - nanopb/encode (0.3.8)
  - NotificationBannerSwift (1.5.3):
    - MarqueeLabel/Swift
    - SnapKit (~> 4.0)
  - SCLAlertView (0.7.0)
  - SnapKit (4.0.0)
  - SVProgressHUD (2.2.2)

DEPENDENCIES:
  - DZNEmptyDataSet
  - Ensembles (~> 1.0)
  - Eureka
  - Firebase/AdMob
  - Firebase/Core
  - NotificationBannerSwift
  - SCLAlertView
  - SVProgressHUD

SPEC CHECKSUMS:
  DZNEmptyDataSet: 9525833b9e68ac21c30253e1d3d7076cc828eaa7
  Ensembles: 11a67648712e8d2fd7d3103b9fe95e967d94ebf4
  Eureka: c8bd5cc07143b6f66268c208d28a246c99b41955
  Firebase: 710decbbc6d9d48530e9a5dba3209740c3532e05
  FirebaseAnalytics: 5b02a63ead2c3f0259cfc7f15e053e440587ecf8
  FirebaseCore: 3c02ec652db3d03fdc8bc6d9154af3e20d64b6f5
  FirebaseInstanceID: 81df5805a08001e69138664bdd02c6719a9ac80f
  Google-Mobile-Ads-SDK: 83f7f890e638ce8f1debd440ea363338c9f6be3b
  GoogleToolboxForMac: 2501e2ad72a52eb3dfe7bd9aee7dad11b858bd20
  MarqueeLabel: bf768455fe88d427f71476ebb23f9092b660f40b
  nanopb: 5601e6bca2dbf1ed831b519092ec110f66982ca3
  NotificationBannerSwift: 0a6f482ddbafb9555668e592245af0da7871178e
  SCLAlertView: 8a14ffc40590c619e183eed2298b854385f30be1
  SnapKit: a42d492c16e80209130a3379f73596c3454b7694
  SVProgressHUD: 59b2d3dabacbd051576d21d32293ca7228dc18b0

PODFILE CHECKSUM: 378f948761bfb2f9bf438e7515e146325d5f78d9

COCOAPODS: 1.3.1
